
Microsoft Visual Studio Solution File, Format Version 12.00
# Visual Studio Version 16
VisualStudioVersion = 16.0.32228.343
MinimumVisualStudioVersion = 10.0.40219.1
Project("{FAE04EC0-301F-11D3-BF4B-00C04F79EFBC}") = "ChatterReborn", "Core\ChatterReborn.csproj", "{00CF6F7D-ABD0-4CB1-B4CB-9D7195503D2B}"
EndProject
Project("{FAE04EC0-301F-11D3-BF4B-00C04F79EFBC}") = "GameData", "GameData\GameData.csproj", "{99B582D4-8D0C-4940-B059-4119E029356E}"
EndProject
Project("{FAE04EC0-301F-11D3-BF4B-00C04F79EFBC}") = "ChatterRebornSettings", "Settings\ChatterRebornSettings.csproj", "{525C38FA-A859-4014-9600-180A7EB699FF}"
EndProject
Project("{FAE04EC0-301F-11D3-BF4B-00C04F79EFBC}") = "Wwise-IDS", "Wwise-IDS\Wwise-IDS.csproj", "{73F230CB-7647-438F-81C7-F864424B333B}"
EndProject
Project("{FAE04EC0-301F-11D3-BF4B-00C04F79EFBC}") = "ChatterRebornDev", "Dev\ChatterRebornDev.csproj", "{7B422B7C-56E6-40A0-9FF3-6A41A9DA3A4A}"
EndProject
Global
	GlobalSection(SolutionConfigurationPlatforms) = preSolution
		Debug|Any CPU = Debug|Any CPU
		Release|Any CPU = Release|Any CPU
	EndGlobalSection
	GlobalSection(ProjectConfigurationPlatforms) = postSolution
		{00CF6F7D-ABD0-4CB1-B4CB-9D7195503D2B}.Debug|Any CPU.ActiveCfg = Debug|Any CPU
		{00CF6F7D-ABD0-4CB1-B4CB-9D7195503D2B}.Debug|Any CPU.Build.0 = Debug|Any CPU
		{00CF6F7D-ABD0-4CB1-B4CB-9D7195503D2B}.Release|Any CPU.ActiveCfg = Release|Any CPU
		{00CF6F7D-ABD0-4CB1-B4CB-9D7195503D2B}.Release|Any CPU.Build.0 = Release|Any CPU
		{99B582D4-8D0C-4940-B059-4119E029356E}.Debug|Any CPU.ActiveCfg = Debug|Any CPU
		{99B582D4-8D0C-4940-B059-4119E029356E}.Debug|Any CPU.Build.0 = Debug|Any CPU
		{99B582D4-8D0C-4940-B059-4119E029356E}.Release|Any CPU.ActiveCfg = Release|Any CPU
		{99B582D4-8D0C-4940-B059-4119E029356E}.Release|Any CPU.Build.0 = Release|Any CPU
		{525C38FA-A859-4014-9600-180A7EB699FF}.Debug|Any CPU.ActiveCfg = Debug|Any CPU
		{525C38FA-A859-4014-9600-180A7EB699FF}.Debug|Any CPU.Build.0 = Debug|Any CPU
		{525C38FA-A859-4014-9600-180A7EB699FF}.Release|Any CPU.ActiveCfg = Release|Any CPU
		{525C38FA-A859-4014-9600-180A7EB699FF}.Release|Any CPU.Build.0 = Release|Any CPU
		{73F230CB-7647-438F-81C7-F864424B333B}.Debug|Any CPU.ActiveCfg = Debug|Any CPU
		{73F230CB-7647-438F-81C7-F864424B333B}.Debug|Any CPU.Build.0 = Debug|Any CPU
		{73F230CB-7647-438F-81C7-F864424B333B}.Release|Any CPU.ActiveCfg = Release|Any CPU
		{73F230CB-7647-438F-81C7-F864424B333B}.Release|Any CPU.Build.0 = Release|Any CPU
		{7B422B7C-56E6-40A0-9FF3-6A41A9DA3A4A}.Debug|Any CPU.ActiveCfg = Debug|Any CPU
		{7B422B7C-56E6-40A0-9FF3-6A41A9DA3A4A}.Debug|Any CPU.Build.0 = Debug|Any CPU
		{7B422B7C-56E6-40A0-9FF3-6A41A9DA3A4A}.Release|Any CPU.ActiveCfg = Release|Any CPU
		{7B422B7C-56E6-40A0-9FF3-6A41A9DA3A4A}.Release|Any CPU.Build.0 = Release|Any CPU
	EndGlobalSection
	GlobalSection(SolutionProperties) = preSolution
		HideSolutionNode = FALSE
	EndGlobalSection
	GlobalSection(ExtensibilityGlobals) = postSolution
		SolutionGuid = {39A1D320-0C23-4455-89AF-1C5CBCB52EFB}
	EndGlobalSection
EndGlobal
